
Microsoft Visual Studio Solution File, Format Version 12.00
# Visual Studio Version 16
VisualStudioVersion = 16.0.30330.147
MinimumVisualStudioVersion = 10.0.40219.1
Project("{FAE04EC0-301F-11D3-BF4B-00C04F79EFBC}") = "APISenderSide", "APISenderSide\APISenderSide.csproj", "{5329A21B-F73E-46CA-93CB-EA716341FEF9}"
EndProject
Project("{FAE04EC0-301F-11D3-BF4B-00C04F79EFBC}") = "SqlServerReciever", "SqlServerReciever\SqlServerReciever.csproj", "{654C9B6D-ABF8-428C-8E5F-CD0BD0EAEA6B}"
EndProject
Global
	GlobalSection(SolutionConfigurationPlatforms) = preSolution
		Debug|Any CPU = Debug|Any CPU
		Release|Any CPU = Release|Any CPU
	EndGlobalSection
	GlobalSection(ProjectConfigurationPlatforms) = postSolution
		{5329A21B-F73E-46CA-93CB-EA716341FEF9}.Debug|Any CPU.ActiveCfg = Debug|Any CPU
		{5329A21B-F73E-46CA-93CB-EA716341FEF9}.Debug|Any CPU.Build.0 = Debug|Any CPU
		{5329A21B-F73E-46CA-93CB-EA716341FEF9}.Release|Any CPU.ActiveCfg = Release|Any CPU
		{5329A21B-F73E-46CA-93CB-EA716341FEF9}.Release|Any CPU.Build.0 = Release|Any CPU
		{654C9B6D-ABF8-428C-8E5F-CD0BD0EAEA6B}.Debug|Any CPU.ActiveCfg = Debug|Any CPU
		{654C9B6D-ABF8-428C-8E5F-CD0BD0EAEA6B}.Debug|Any CPU.Build.0 = Debug|Any CPU
		{654C9B6D-ABF8-428C-8E5F-CD0BD0EAEA6B}.Release|Any CPU.ActiveCfg = Release|Any CPU
		{654C9B6D-ABF8-428C-8E5F-CD0BD0EAEA6B}.Release|Any CPU.Build.0 = Release|Any CPU
	EndGlobalSection
	GlobalSection(SolutionProperties) = preSolution
		HideSolutionNode = FALSE
	EndGlobalSection
	GlobalSection(ExtensibilityGlobals) = postSolution
		SolutionGuid = {31EED6FD-E521-4259-A355-C4E5BBB63323}
	EndGlobalSection
EndGlobal
